// !$*UTF8*$!
{
	archiveVersion = 1;
	classes = {
	};
	objectVersion = 55;
	objects = {

/* Begin PBXBuildFile section */
		3ADC7517278A3023004D2CEE /* AppDelegate.swift in Sources */ = {isa = PBXBuildFile; fileRef = 3ADC7516278A3023004D2CEE /* AppDelegate.swift */; };
		3ADC7519278A3023004D2CEE /* SceneDelegate.swift in Sources */ = {isa = PBXBuildFile; fileRef = 3ADC7518278A3023004D2CEE /* SceneDelegate.swift */; };
		3ADC751B278A3023004D2CEE /* ViewController.swift in Sources */ = {isa = PBXBuildFile; fileRef = 3ADC751A278A3023004D2CEE /* ViewController.swift */; };
		3ADC751E278A3023004D2CEE /* Main.storyboard in Resources */ = {isa = PBXBuildFile; fileRef = 3ADC751C278A3023004D2CEE /* Main.storyboard */; };
		3ADC7520278A3025004D2CEE /* Assets.xcassets in Resources */ = {isa = PBXBuildFile; fileRef = 3ADC751F278A3025004D2CEE /* Assets.xcassets */; };
		3ADC7523278A3025004D2CEE /* LaunchScreen.storyboard in Resources */ = {isa = PBXBuildFile; fileRef = 3ADC7521278A3025004D2CEE /* LaunchScreen.storyboard */; };
		E1280D747EE5C66798D5051C /* Pods_remotePodTest.framework in Frameworks */ = {isa = PBXBuildFile; fileRef = C90F386158D304FE60E7B8D5 /* Pods_remotePodTest.framework */; };
/* End PBXBuildFile section */

/* Begin PBXFileReference section */
		2B0595439FCEB1809B6D5B7F /* Pods-remotePodTest.release.xcconfig */ = {isa = PBXFileReference; includeInIndex = 1; lastKnownFileType = text.xcconfig; name = "Pods-remotePodTest.release.xcconfig"; path = "Target Support Files/Pods-remotePodTest/Pods-remotePodTest.release.xcconfig"; sourceTree = "<group>"; };
		3ADC7513278A3023004D2CEE /* remotePodTest.app */ = {isa = PBXFileReference; explicitFileType = wrapper.application; includeInIndex = 0; path = remotePodTest.app; sourceTree = BUILT_PRODUCTS_DIR; };
		3ADC7516278A3023004D2CEE /* AppDelegate.swift */ = {isa = PBXFileReference; lastKnownFileType = sourcecode.swift; path = AppDelegate.swift; sourceTree = "<group>"; };
		3ADC7518278A3023004D2CEE /* SceneDelegate.swift */ = {isa = PBXFileReference; lastKnownFileType = sourcecode.swift; path = SceneDelegate.swift; sourceTree = "<group>"; };
		3ADC751A278A3023004D2CEE /* ViewController.swift */ = {isa = PBXFileReference; lastKnownFileType = sourcecode.swift; path = ViewController.swift; sourceTree = "<group>"; };
		3ADC751D278A3023004D2CEE /* Base */ = {isa = PBXFileReference; lastKnownFileType = file.storyboard; name = Base; path = Base.lproj/Main.storyboard; sourceTree = "<group>"; };
		3ADC751F278A3025004D2CEE /* Assets.xcassets */ = {isa = PBXFileReference; lastKnownFileType = folder.assetcatalog; path = Assets.xcassets; sourceTree = "<group>"; };
		3ADC7522278A3025004D2CEE /* Base */ = {isa = PBXFileReference; lastKnownFileType = file.storyboard; name = Base; path = Base.lproj/LaunchScreen.storyboard; sourceTree = "<group>"; };
		3ADC7524278A3025004D2CEE /* Info.plist */ = {isa = PBXFileReference; lastKnownFileType = text.plist.xml; path = Info.plist; sourceTree = "<group>"; };
		60CE9F5B8A355B08DD18E74B /* Pods-remotePodTest.debug.xcconfig */ = {isa = PBXFileReference; includeInIndex = 1; lastKnownFileType = text.xcconfig; name = "Pods-remotePodTest.debug.xcconfig"; path = "Target Support Files/Pods-remotePodTest/Pods-remotePodTest.debug.xcconfig"; sourceTree = "<group>"; };
		C90F386158D304FE60E7B8D5 /* Pods_remotePodTest.framework */ = {isa = PBXFileReference; explicitFileType = wrapper.framework; includeInIndex = 0; path = Pods_remotePodTest.framework; sourceTree = BUILT_PRODUCTS_DIR; };
/* End PBXFileReference section */

/* Begin PBXFrameworksBuildPhase section */
		3ADC7510278A3023004D2CEE /* Frameworks */ = {
			isa = PBXFrameworksBuildPhase;
			buildActionMask = 2147483647;
			files = (
				E1280D747EE5C66798D5051C /* Pods_remotePodTest.framework in Frameworks */,
			);
			runOnlyForDeploymentPostprocessing = 0;
		};
/* End PBXFrameworksBuildPhase section */

/* Begin PBXGroup section */
		3ADC750A278A3023004D2CEE = {
			isa = PBXGroup;
			children = (
				3ADC7515278A3023004D2CEE /* remotePodTest */,
				3ADC7514278A3023004D2CEE /* Products */,
				77AB22F3F6658955ECF7CE58 /* Pods */,
				3BC105AAFA24C9AEB613823D /* Frameworks */,
			);
			sourceTree = "<group>";
		};
		3ADC7514278A3023004D2CEE /* Products */ = {
			isa = PBXGroup;
			children = (
				3ADC7513278A3023004D2CEE /* remotePodTest.app */,
			);
			name = Products;
			sourceTree = "<group>";
		};
		3ADC7515278A3023004D2CEE /* remotePodTest */ = {
			isa = PBXGroup;
			children = (
				3ADC7516278A3023004D2CEE /* AppDelegate.swift */,
				3ADC7518278A3023004D2CEE /* SceneDelegate.swift */,
				3ADC751A278A3023004D2CEE /* ViewController.swift */,
				3ADC751C278A3023004D2CEE /* Main.storyboard */,
				3ADC751F278A3025004D2CEE /* Assets.xcassets */,
				3ADC7521278A3025004D2CEE /* LaunchScreen.storyboard */,
				3ADC7524278A3025004D2CEE /* Info.plist */,
			);
			path = remotePodTest;
			sourceTree = "<group>";
		};
		3BC105AAFA24C9AEB613823D /* Frameworks */ = {
			isa = PBXGroup;
			children = (
				C90F386158D304FE60E7B8D5 /* Pods_remotePodTest.framework */,
			);
			name = Frameworks;
			sourceTree = "<group>";
		};
		77AB22F3F6658955ECF7CE58 /* Pods */ = {
			isa = PBXGroup;
			children = (
				60CE9F5B8A355B08DD18E74B /* Pods-remotePodTest.debug.xcconfig */,
				2B0595439FCEB1809B6D5B7F /* Pods-remotePodTest.release.xcconfig */,
			);
			name = Pods;
			path = Pods;
			sourceTree = "<group>";
		};
/* End PBXGroup section */

/* Begin PBXNativeTarget section */
		3ADC7512278A3023004D2CEE /* remotePodTest */ = {
			isa = PBXNativeTarget;
			buildConfigurationList = 3ADC7527278A3025004D2CEE /* Build configuration list for PBXNativeTarget "remotePodTest" */;
			buildPhases = (
				1CB6E531FA0C4BF9E91045D4 /* [CP] Check Pods Manifest.lock */,
				3ADC750F278A3023004D2CEE /* Sources */,
				3ADC7510278A3023004D2CEE /* Frameworks */,
				3ADC7511278A3023004D2CEE /* Resources */,
				5E9FFE0CB248F3A668044441 /* [CP] Embed Pods Frameworks */,
			);
			buildRules = (
			);
			dependencies = (
			);
			name = remotePodTest;
			productName = remotePodTest;
			productReference = 3ADC7513278A3023004D2CEE /* remotePodTest.app */;
			productType = "com.apple.product-type.application";
		};
/* End PBXNativeTarget section */

/* Begin PBXProject section */
		3ADC750B278A3023004D2CEE /* Project object */ = {
			isa = PBXProject;
			attributes = {
				BuildIndependentTargetsInParallel = 1;
				LastSwiftUpdateCheck = 1300;
				LastUpgradeCheck = 1300;
				TargetAttributes = {
					3ADC7512278A3023004D2CEE = {
						CreatedOnToolsVersion = 13.0;
					};
				};
			};
			buildConfigurationList = 3ADC750E278A3023004D2CEE /* Build configuration list for PBXProject "remotePodTest" */;
			compatibilityVersion = "Xcode 13.0";
			developmentRegion = en;
			hasScannedForEncodings = 0;
			knownRegions = (
				en,
				Base,
			);
			mainGroup = 3ADC750A278A3023004D2CEE;
			productRefGroup = 3ADC7514278A3023004D2CEE /* Products */;
			projectDirPath = "";
			projectRoot = "";
			targets = (
				3ADC7512278A3023004D2CEE /* remotePodTest */,
			);
		};
/* End PBXProject section */

/* Begin PBXResourcesBuildPhase section */
		3ADC7511278A3023004D2CEE /* Resources */ = {
			isa = PBXResourcesBuildPhase;
			buildActionMask = 2147483647;
			files = (
				3ADC7523278A3025004D2CEE /* LaunchScreen.storyboard in Resources */,
				3ADC7520278A3025004D2CEE /* Assets.xcassets in Resources */,
				3ADC751E278A3023004D2CEE /* Main.storyboard in Resources */,
			);
			runOnlyForDeploymentPostprocessing = 0;
		};
/* End PBXResourcesBuildPhase section */

/* Begin PBXShellScriptBuildPhase section */
		1CB6E531FA0C4BF9E91045D4 /* [CP] Check Pods Manifest.lock */ = {
			isa = PBXShellScriptBuildPhase;
			buildActionMask = 2147483647;
			files = (
			);
			inputFileListPaths = (
			);
			inputPaths = (
				"${PODS_PODFILE_DIR_PATH}/Podfile.lock",
				"${PODS_ROOT}/Manifest.lock",
			);
			name = "[CP] Check Pods Manifest.lock";
			outputFileListPaths = (
			);
			outputPaths = (
				"$(DERIVED_FILE_DIR)/Pods-remotePodTest-checkManifestLockResult.txt",
			);
			runOnlyForDeploymentPostprocessing = 0;
			shellPath = /bin/sh;
			shellScript = "diff \"${PODS_PODFILE_DIR_PATH}/Podfile.lock\" \"${PODS_ROOT}/Manifest.lock\" > /dev/null\nif [ $? != 0 ] ; then\n    # print error to STDERR\n    echo \"error: The sandbox is not in sync with the Podfile.lock. Run 'pod install' or update your CocoaPods installation.\" >&2\n    exit 1\nfi\n# This output is used by Xcode 'outputs' to avoid re-running this script phase.\necho \"SUCCESS\" > \"${SCRIPT_OUTPUT_FILE_0}\"\n";
			showEnvVarsInLog = 0;
		};
		5E9FFE0CB248F3A668044441 /* [CP] Embed Pods Frameworks */ = {
			isa = PBXShellScriptBuildPhase;
			buildActionMask = 2147483647;
			files = (
			);
			inputFileListPaths = (
				"${PODS_ROOT}/Target Support Files/Pods-remotePodTest/Pods-remotePodTest-frameworks-${CONFIGURATION}-input-files.xcfilelist",
			);
			name = "[CP] Embed Pods Frameworks";
			outputFileListPaths = (
				"${PODS_ROOT}/Target Support Files/Pods-remotePodTest/Pods-remotePodTest-frameworks-${CONFIGURATION}-output-files.xcfilelist",
			);
			runOnlyForDeploymentPostprocessing = 0;
			shellPath = /bin/sh;
			shellScript = "\"${PODS_ROOT}/Target Support Files/Pods-remotePodTest/Pods-remotePodTest-frameworks.sh\"\n";
			showEnvVarsInLog = 0;
		};
/* End PBXShellScriptBuildPhase section */

/* Begin PBXSourcesBuildPhase section */
		3ADC750F278A3023004D2CEE /* Sources */ = {
			isa = PBXSourcesBuildPhase;
			buildActionMask = 2147483647;
			files = (
				3ADC751B278A3023004D2CEE /* ViewController.swift in Sources */,
				3ADC7517278A3023004D2CEE /* AppDelegate.swift in Sources */,
				3ADC7519278A3023004D2CEE /* SceneDelegate.swift in Sources */,
			);
			runOnlyForDeploymentPostprocessing = 0;
		};
/* End PBXSourcesBuildPhase section */

/* Begin PBXVariantGroup section */
		3ADC751C278A3023004D2CEE /* Main.storyboard */ = {
			isa = PBXVariantGroup;
			children = (
				3ADC751D278A3023004D2CEE /* Base */,
			);
			name = Main.storyboard;
			sourceTree = "<group>";
		};
		3ADC7521278A3025004D2CEE /* LaunchScreen.storyboard */ = {
			isa = PBXVariantGroup;
			children = (
				3ADC7522278A3025004D2CEE /* Base */,
			);
			name = LaunchScreen.storyboard;
			sourceTree = "<group>";
		};
/* End PBXVariantGroup section */

/* Begin XCBuildConfiguration section */
		3ADC7525278A3025004D2CEE /* Debug */ = {
			isa = XCBuildConfiguration;
			buildSettings = {
				ALWAYS_SEARCH_USER_PATHS = NO;
				CLANG_ANALYZER_NONNULL = YES;
				CLANG_ANALYZER_NUMBER_OBJECT_CONVERSION = YES_AGGRESSIVE;
				CLANG_CXX_LANGUAGE_STANDARD = "gnu++17";
				CLANG_CXX_LIBRARY = "libc++";
				CLANG_ENABLE_MODULES = YES;
				CLANG_ENABLE_OBJC_ARC = YES;
				CLANG_ENABLE_OBJC_WEAK = YES;
				CLANG_WARN_BLOCK_CAPTURE_AUTORELEASING = YES;
				CLANG_WARN_BOOL_CONVERSION = YES;
				CLANG_WARN_COMMA = YES;
				CLANG_WARN_CONSTANT_CONVERSION = YES;
				CLANG_WARN_DEPRECATED_OBJC_IMPLEMENTATIONS = YES;
				CLANG_WARN_DIRECT_OBJC_ISA_USAGE = YES_ERROR;
				CLANG_WARN_DOCUMENTATION_COMMENTS = YES;
				CLANG_WARN_EMPTY_BODY = YES;
				CLANG_WARN_ENUM_CONVERSION = YES;
				CLANG_WARN_INFINITE_RECURSION = YES;
				CLANG_WARN_INT_CONVERSION = YES;
				CLANG_WARN_NON_LITERAL_NULL_CONVERSION = YES;
				CLANG_WARN_OBJC_IMPLICIT_RETAIN_SELF = YES;
				CLANG_WARN_OBJC_LITERAL_CONVERSION = YES;
				CLANG_WARN_OBJC_ROOT_CLASS = YES_ERROR;
				CLANG_WARN_QUOTED_INCLUDE_IN_FRAMEWORK_HEADER = YES;
				CLANG_WARN_RANGE_LOOP_ANALYSIS = YES;
				CLANG_WARN_STRICT_PROTOTYPES = YES;
				CLANG_WARN_SUSPICIOUS_MOVE = YES;
				CLANG_WARN_UNGUARDED_AVAILABILITY = YES_AGGRESSIVE;
				CLANG_WARN_UNREACHABLE_CODE = YES;
				CLANG_WARN__DUPLICATE_METHOD_MATCH = YES;
				COPY_PHASE_STRIP = NO;
				DEBUG_INFORMATION_FORMAT = dwarf;
				ENABLE_STRICT_OBJC_MSGSEND = YES;
				ENABLE_TESTABILITY = YES;
				GCC_C_LANGUAGE_STANDARD = gnu11;
				GCC_DYNAMIC_NO_PIC = NO;
				GCC_NO_COMMON_BLOCKS = YES;
				GCC_OPTIMIZATION_LEVEL = 0;
				GCC_PREPROCESSOR_DEFINITIONS = (
					"DEBUG=1",
					"$(inherited)",
				);
				GCC_WARN_64_TO_32_BIT_CONVERSION = YES;
				GCC_WARN_ABOUT_RETURN_TYPE = YES_ERROR;
				GCC_WARN_UNDECLARED_SELECTOR = YES;
				GCC_WARN_UNINITIALIZED_AUTOS = YES_AGGRESSIVE;
				GCC_WARN_UNUSED_FUNCTION = YES;
				GCC_WARN_UNUSED_VARIABLE = YES;
				IPHONEOS_DEPLOYMENT_TARGET = 15.0;
				MTL_ENABLE_DEBUG_INFO = INCLUDE_SOURCE;
				MTL_FAST_MATH = YES;
				ONLY_ACTIVE_ARCH = YES;
				SDKROOT = iphoneos;
				SWIFT_ACTIVE_COMPILATION_CONDITIONS = DEBUG;
				SWIFT_OPTIMIZATION_LEVEL = "-Onone";
			};
			name = Debug;
		};
		3ADC7526278A3025004D2CEE /* Release */ = {
			isa = XCBuildConfiguration;
			buildSettings = {
				ALWAYS_SEARCH_USER_PATHS = NO;
				CLANG_ANALYZER_NONNULL = YES;
				CLANG_ANALYZER_NUMBER_OBJECT_CONVERSION = YES_AGGRESSIVE;
				CLANG_CXX_LANGUAGE_STANDARD = "gnu++17";
				CLANG_CXX_LIBRARY = "libc++";
				CLANG_ENABLE_MODULES = YES;
				CLANG_ENABLE_OBJC_ARC = YES;
				CLANG_ENABLE_OBJC_WEAK = YES;
				CLANG_WARN_BLOCK_CAPTURE_AUTORELEASING = YES;
				CLANG_WARN_BOOL_CONVERSION = YES;
				CLANG_WARN_COMMA = YES;
				CLANG_WARN_CONSTANT_CONVERSION = YES;
				CLANG_WARN_DEPRECATED_OBJC_IMPLEMENTATIONS = YES;
				CLANG_WARN_DIRECT_OBJC_ISA_USAGE = YES_ERROR;
				CLANG_WARN_DOCUMENTATION_COMMENTS = YES;
				CLANG_WARN_EMPTY_BODY = YES;
				CLANG_WARN_ENUM_CONVERSION = YES;
				CLANG_WARN_INFINITE_RECURSION = YES;
				CLANG_WARN_INT_CONVERSION = YES;
				CLANG_WARN_NON_LITERAL_NULL_CONVERSION = YES;
				CLANG_WARN_OBJC_IMPLICIT_RETAIN_SELF = YES;
				CLANG_WARN_OBJC_LITERAL_CONVERSION = YES;
				CLANG_WARN_OBJC_ROOT_CLASS = YES_ERROR;
				CLANG_WARN_QUOTED_INCLUDE_IN_FRAMEWORK_HEADER = YES;
				CLANG_WARN_RANGE_LOOP_ANALYSIS = YES;
				CLANG_WARN_STRICT_PROTOTYPES = YES;
				CLANG_WARN_SUSPICIOUS_MOVE = YES;
				CLANG_WARN_UNGUARDED_AVAILABILITY = YES_AGGRESSIVE;
				CLANG_WARN_UNREACHABLE_CODE = YES;
				CLANG_WARN__DUPLICATE_METHOD_MATCH = YES;
				COPY_PHASE_STRIP = NO;
				DEBUG_INFORMATION_FORMAT = "dwarf-with-dsym";
				ENABLE_NS_ASSERTIONS = NO;
				ENABLE_STRICT_OBJC_MSGSEND = YES;
				GCC_C_LANGUAGE_STANDARD = gnu11;
				GCC_NO_COMMON_BLOCKS = YES;
				GCC_WARN_64_TO_32_BIT_CONVERSION = YES;
				GCC_WARN_ABOUT_RETURN_TYPE = YES_ERROR;
				GCC_WARN_UNDECLARED_SELECTOR = YES;
				GCC_WARN_UNINITIALIZED_AUTOS = YES_AGGRESSIVE;
				GCC_WARN_UNUSED_FUNCTION = YES;
				GCC_WARN_UNUSED_VARIABLE = YES;
				IPHONEOS_DEPLOYMENT_TARGET = 15.0;
				MTL_ENABLE_DEBUG_INFO = NO;
				MTL_FAST_MATH = YES;
				SDKROOT = iphoneos;
				SWIFT_COMPILATION_MODE = wholemodule;
				SWIFT_OPTIMIZATION_LEVEL = "-O";
				VALIDATE_PRODUCT = YES;
			};
			name = Release;
		};
		3ADC7528278A3025004D2CEE /* Debug */ = {
			isa = XCBuildConfiguration;
			baseConfigurationReference = 60CE9F5B8A355B08DD18E74B /* Pods-remotePodTest.debug.xcconfig */;
			buildSettings = {
				ASSETCATALOG_COMPILER_APPICON_NAME = AppIcon;
				ASSETCATALOG_COMPILER_GLOBAL_ACCENT_COLOR_NAME = AccentColor;
				CODE_SIGN_STYLE = Automatic;
				CURRENT_PROJECT_VERSION = 1;
				DEVELOPMENT_TEAM = F7463MC986;
				GENERATE_INFOPLIST_FILE = YES;
				INFOPLIST_FILE = remotePodTest/Info.plist;
				INFOPLIST_KEY_UIApplicationSupportsIndirectInputEvents = YES;
				INFOPLIST_KEY_UILaunchStoryboardName = LaunchScreen;
				INFOPLIST_KEY_UIMainStoryboardFile = Main;
				INFOPLIST_KEY_UISupportedInterfaceOrientations_iPad = "UIInterfaceOrientationPortrait UIInterfaceOrientationPortraitUpsideDown UIInterfaceOrientationLandscapeLeft UIInterfaceOrientationLandscapeRight";
				INFOPLIST_KEY_UISupportedInterfaceOrientations_iPhone = "UIInterfaceOrientationPortrait UIInterfaceOrientationLandscapeLeft UIInterfaceOrientationLandscapeRight";
				LD_RUNPATH_SEARCH_PATHS = (
					"$(inherited)",
					"@executable_path/Frameworks",
				);
				MARKETING_VERSION = 1.0;
				PRODUCT_BUNDLE_IDENTIFIER = name.gretzki.remotePodTest;
				PRODUCT_NAME = "$(TARGET_NAME)";
				SWIFT_EMIT_LOC_STRINGS = YES;
				SWIFT_VERSION = 5.0;
				TARGETED_DEVICE_FAMILY = "1,2";
			};
			name = Debug;
		};
		3ADC7529278A3025004D2CEE /* Release */ = {
			isa = XCBuildConfiguration;
			baseConfigurationReference = 2B0595439FCEB1809B6D5B7F /* Pods-remotePodTest.release.xcconfig */;
			buildSettings = {
				ASSETCATALOG_COMPILER_APPICON_NAME = AppIcon;
				ASSETCATALOG_COMPILER_GLOBAL_ACCENT_COLOR_NAME = AccentColor;
				CODE_SIGN_STYLE = Automatic;
				CURRENT_PROJECT_VERSION = 1;
				DEVELOPMENT_TEAM = F7463MC986;
				GENERATE_INFOPLIST_FILE = YES;
				INFOPLIST_FILE = remotePodTest/Info.plist;
				INFOPLIST_KEY_UIApplicationSupportsIndirectInputEvents = YES;
				INFOPLIST_KEY_UILaunchStoryboardName = LaunchScreen;
				INFOPLIST_KEY_UIMainStoryboardFile = Main;
				INFOPLIST_KEY_UISupportedInterfaceOrientations_iPad = "UIInterfaceOrientationPortrait UIInterfaceOrientationPortraitUpsideDown UIInterfaceOrientationLandscapeLeft UIInterfaceOrientationLandscapeRight";
				INFOPLIST_KEY_UISupportedInterfaceOrientations_iPhone = "UIInterfaceOrientationPortrait UIInterfaceOrientationLandscapeLeft UIInterfaceOrientationLandscapeRight";
				LD_RUNPATH_SEARCH_PATHS = (
					"$(inherited)",
					"@executable_path/Frameworks",
				);
				MARKETING_VERSION = 1.0;
				PRODUCT_BUNDLE_IDENTIFIER = name.gretzki.remotePodTest;
				PRODUCT_NAME = "$(TARGET_NAME)";
				SWIFT_EMIT_LOC_STRINGS = YES;
				SWIFT_VERSION = 5.0;
				TARGETED_DEVICE_FAMILY = "1,2";
			};
			name = Release;
		};
/* End XCBuildConfiguration section */

/* Begin XCConfigurationList section */
		3ADC750E278A3023004D2CEE /* Build configuration list for PBXProject "remotePodTest" */ = {
			isa = XCConfigurationList;
			buildConfigurations = (
				3ADC7525278A3025004D2CEE /* Debug */,
				3ADC7526278A3025004D2CEE /* Release */,
			);
			defaultConfigurationIsVisible = 0;
			defaultConfigurationName = Release;
		};
		3ADC7527278A3025004D2CEE /* Build configuration list for PBXNativeTarget "remotePodTest" */ = {
			isa = XCConfigurationList;
			buildConfigurations = (
				3ADC7528278A3025004D2CEE /* Debug */,
				3ADC7529278A3025004D2CEE /* Release */,
			);
			defaultConfigurationIsVisible = 0;
			defaultConfigurationName = Release;
		};
/* End XCConfigurationList section */
	};
	rootObject = 3ADC750B278A3023004D2CEE /* Project object */;
}
